langcode: en
status: true
dependencies:
  config:
    - views.view.search
  module:
    - configurable_views_filter_block
  theme:
    - arbor
id: search_block
theme: arbor
region: navigation_collapsible
weight: 0
provider: null
plugin: 'configurable_views_filter_block_block:search-page_1'
settings:
  id: 'configurable_views_filter_block_block:search-page_1'
  label: ''
  label_display: '0'
  provider: configurable_views_filter_block
  visible_filters:
    search_api_fulltext: search_api_fulltext
  no_groups: false
  no_reset: false
  no_sort: true
  no_pager: false
  views_label: ''
visibility: {  }
